
Microsoft Visual Studio Solution File, Format Version 12.00
# Visual Studio Version 16
VisualStudioVersion = 16.0.29326.143
MinimumVisualStudioVersion = 10.0.40219.1
Project("{9A19103F-16F7-4668-BE54-9A1E7A4F7556}") = "EntityMapper", "EntityMapper\EntityMapper.csproj", "{CA985060-CD0A-4048-BA69-C642D1FC3F32}"
EndProject
Project("{FAE04EC0-301F-11D3-BF4B-00C04F79EFBC}") = "ETMapper", "ETMapper\ETMapper.csproj", "{A4E8313E-1CE9-4A99-BECE-D3AFDD4D3681}"
EndProject
Project("{FAE04EC0-301F-11D3-BF4B-00C04F79EFBC}") = "Sample", "Sample\Sample.csproj", "{D76F63CE-73B9-46E0-B114-7EEC7E7EDF37}"
EndProject
Project("{FAE04EC0-301F-11D3-BF4B-00C04F79EFBC}") = "EntityMapperStd", "EntityMapperStd\EntityMapperStd.csproj", "{A365592A-0A98-40D4-A2D8-9E3207007628}"
EndProject
Project("{FAE04EC0-301F-11D3-BF4B-00C04F79EFBC}") = "RunSample", "RunSample\RunSample.csproj", "{90E4A52F-21E2-444C-A1DE-AED2EF6B7377}"
EndProject
Global
	GlobalSection(SolutionConfigurationPlatforms) = preSolution
		Debug|Any CPU = Debug|Any CPU
		Release|Any CPU = Release|Any CPU
	EndGlobalSection
	GlobalSection(ProjectConfigurationPlatforms) = postSolution
		{CA985060-CD0A-4048-BA69-C642D1FC3F32}.Debug|Any CPU.ActiveCfg = Debug|Any CPU
		{CA985060-CD0A-4048-BA69-C642D1FC3F32}.Debug|Any CPU.Build.0 = Debug|Any CPU
		{CA985060-CD0A-4048-BA69-C642D1FC3F32}.Release|Any CPU.ActiveCfg = Release|Any CPU
		{CA985060-CD0A-4048-BA69-C642D1FC3F32}.Release|Any CPU.Build.0 = Release|Any CPU
		{A4E8313E-1CE9-4A99-BECE-D3AFDD4D3681}.Debug|Any CPU.ActiveCfg = Debug|Any CPU
		{A4E8313E-1CE9-4A99-BECE-D3AFDD4D3681}.Debug|Any CPU.Build.0 = Debug|Any CPU
		{A4E8313E-1CE9-4A99-BECE-D3AFDD4D3681}.Release|Any CPU.ActiveCfg = Release|Any CPU
		{A4E8313E-1CE9-4A99-BECE-D3AFDD4D3681}.Release|Any CPU.Build.0 = Release|Any CPU
		{D76F63CE-73B9-46E0-B114-7EEC7E7EDF37}.Debug|Any CPU.ActiveCfg = Debug|Any CPU
		{D76F63CE-73B9-46E0-B114-7EEC7E7EDF37}.Debug|Any CPU.Build.0 = Debug|Any CPU
		{D76F63CE-73B9-46E0-B114-7EEC7E7EDF37}.Release|Any CPU.ActiveCfg = Release|Any CPU
		{D76F63CE-73B9-46E0-B114-7EEC7E7EDF37}.Release|Any CPU.Build.0 = Release|Any CPU
		{A365592A-0A98-40D4-A2D8-9E3207007628}.Debug|Any CPU.ActiveCfg = Debug|Any CPU
		{A365592A-0A98-40D4-A2D8-9E3207007628}.Debug|Any CPU.Build.0 = Debug|Any CPU
		{A365592A-0A98-40D4-A2D8-9E3207007628}.Release|Any CPU.ActiveCfg = Release|Any CPU
		{A365592A-0A98-40D4-A2D8-9E3207007628}.Release|Any CPU.Build.0 = Release|Any CPU
		{90E4A52F-21E2-444C-A1DE-AED2EF6B7377}.Debug|Any CPU.ActiveCfg = Debug|Any CPU
		{90E4A52F-21E2-444C-A1DE-AED2EF6B7377}.Debug|Any CPU.Build.0 = Debug|Any CPU
		{90E4A52F-21E2-444C-A1DE-AED2EF6B7377}.Release|Any CPU.ActiveCfg = Release|Any CPU
		{90E4A52F-21E2-444C-A1DE-AED2EF6B7377}.Release|Any CPU.Build.0 = Release|Any CPU
	EndGlobalSection
	GlobalSection(SolutionProperties) = preSolution
		HideSolutionNode = FALSE
	EndGlobalSection
	GlobalSection(ExtensibilityGlobals) = postSolution
		SolutionGuid = {D3BED050-645D-4E58-A46D-AE0902A14783}
	EndGlobalSection
EndGlobal
